
Microsoft Visual Studio Solution File, Format Version 12.00
# Visual Studio Version 17
VisualStudioVersion = 17.12.35527.113 d17.12
MinimumVisualStudioVersion = 10.0.40219.1
Project("{FAE04EC0-301F-11D3-BF4B-00C04F79EFBC}") = "loops lists and input - monogame", "loops lists and input - monogame\loops lists and input - monogame.csproj", "{2B9D0DCC-9FC9-46A5-9DC4-1B21B2A95657}"
EndProject
Global
	GlobalSection(SolutionConfigurationPlatforms) = preSolution
		Debug|Any CPU = Debug|Any CPU
		Release|Any CPU = Release|Any CPU
	EndGlobalSection
	GlobalSection(ProjectConfigurationPlatforms) = postSolution
		{2B9D0DCC-9FC9-46A5-9DC4-1B21B2A95657}.Debug|Any CPU.ActiveCfg = Debug|Any CPU
		{2B9D0DCC-9FC9-46A5-9DC4-1B21B2A95657}.Debug|Any CPU.Build.0 = Debug|Any CPU
		{2B9D0DCC-9FC9-46A5-9DC4-1B21B2A95657}.Release|Any CPU.ActiveCfg = Release|Any CPU
		{2B9D0DCC-9FC9-46A5-9DC4-1B21B2A95657}.Release|Any CPU.Build.0 = Release|Any CPU
	EndGlobalSection
	GlobalSection(SolutionProperties) = preSolution
		HideSolutionNode = FALSE
	EndGlobalSection
EndGlobal
